{
  "version": 4,
  "terraform_version": "1.8.3",
  "serial": 603,
  "lineage": "53aff313-ad4f-3250-438d-c3ac157af273",
  "outputs": {
    "instance_public_ip": {
      "value": "3.6.89.59",
      "type": "string"
    },
    "portfolio_url": {
      "value": "https://joshiharshal.cloud",
      "type": "string"
    }
  },
  "resources": [
    {
      "mode": "managed",
      "type": "aws_instance",
      "name": "app_server",
      "provider": "provider[\"registry.terraform.io/hashicorp/aws\"]",
      "instances": [
        {
          "schema_version": 1,
          "attributes": {
            "ami": "ami-02d26659fd82cf299",
            "arn": "arn:aws:ec2:ap-south-1:205930649721:instance/i-03538673ab6c36a47",
            "associate_public_ip_address": true,
            "availability_zone": "ap-south-1a",
            "capacity_reservation_specification": [
              {
                "capacity_reservation_preference": "open",
                "capacity_reservation_target": []
              }
            ],
            "cpu_core_count": 2,
            "cpu_options": [
              {
                "amd_sev_snp": "",
                "core_count": 2,
                "threads_per_core": 1
              }
            ],
            "cpu_threads_per_core": 1,
            "credit_specification": [
              {
                "cpu_credits": "standard"
              }
            ],
            "disable_api_stop": false,
            "disable_api_termination": false,
            "ebs_block_device": [],
            "ebs_optimized": false,
            "enclave_options": [
              {
                "enabled": false
              }
            ],
            "ephemeral_block_device": [],
            "get_password_data": false,
            "hibernation": false,
            "host_id": "",
            "host_resource_group_arn": null,
            "iam_instance_profile": "",
            "id": "i-03538673ab6c36a47",
            "instance_initiated_shutdown_behavior": "stop",
            "instance_state": "running",
            "instance_type": "t2.large",
            "ipv6_address_count": 0,
            "ipv6_addresses": [],
            "key_name": "harshal-portfolio",
            "launch_template": [],
            "maintenance_options": [
              {
                "auto_recovery": "default"
              }
            ],
            "metadata_options": [
              {
                "http_endpoint": "enabled",
                "http_put_response_hop_limit": 2,
                "http_tokens": "required",
                "instance_metadata_tags": "disabled"
              }
            ],
            "monitoring": false,
            "network_interface": [],
            "outpost_arn": "",
            "password_data": "",
            "placement_group": "",
            "placement_partition_number": 0,
            "primary_network_interface_id": "eni-044166bea9d406155",
            "private_dns": "ip-172-31-33-97.ap-south-1.compute.internal",
            "private_dns_name_options": [
              {
                "enable_resource_name_dns_a_record": false,
                "enable_resource_name_dns_aaaa_record": false,
                "hostname_type": "ip-name"
              }
            ],
            "private_ip": "172.31.33.97",
            "public_dns": "ec2-3-6-89-59.ap-south-1.compute.amazonaws.com",
            "public_ip": "3.6.89.59",
            "root_block_device": [
              {
                "delete_on_termination": true,
                "device_name": "/dev/sda1",
                "encrypted": false,
                "iops": 3000,
                "kms_key_id": "",
                "tags": null,
                "throughput": 125,
                "volume_id": "vol-0f48282e04daa41d7",
                "volume_size": 10,
                "volume_type": "gp3"
              }
            ],
            "secondary_private_ips": [],
            "security_groups": [
              "new-security-group-ec2"
            ],
            "source_dest_check": true,
            "subnet_id": "subnet-08a0ec0cac1bfc10c",
            "tags": {
              "Name": "My-server"
            },
            "tags_all": {
              "Name": "My-server"
            },
            "tenancy": "default",
            "timeouts": null,
            "user_data": null,
            "user_data_base64": null,
            "user_data_replace_on_change": false,
            "volume_tags": null,
            "vpc_security_group_ids": [
              "sg-0cbad4c86e10beb82"
            ]
          },
          "sensitive_attributes": [],
          "private": "eyJlMmJmYjczMC1lY2FhLTExZTYtOGY4OC0zNDM2M2JjN2M0YzAiOnsiY3JlYXRlIjo2MDAwMDAwMDAwMDAsImRlbGV0ZSI6MTIwMDAwMDAwMDAwMCwidXBkYXRlIjo2MDAwMDAwMDAwMDB9LCJzY2hlbWFfdmVyc2lvbiI6IjEifQ==",
          "dependencies": [
            "aws_security_group.SG"
          ]
        }
      ]
    },
    {
      "mode": "managed",
      "type": "aws_security_group",
      "name": "SG",
      "provider": "provider[\"registry.terraform.io/hashicorp/aws\"]",
      "instances": [
        {
          "schema_version": 1,
          "attributes": {
            "arn": "arn:aws:ec2:ap-south-1:205930649721:security-group/sg-0cbad4c86e10beb82",
            "description": "Allow web and SSH access",
            "egress": [
              {
                "cidr_blocks": [
                  "0.0.0.0/0"
                ],
                "description": "",
                "from_port": 0,
                "ipv6_cidr_blocks": [
                  "::/0"
                ],
                "prefix_list_ids": [],
                "protocol": "-1",
                "security_groups": [],
                "self": false,
                "to_port": 0
              }
            ],
            "id": "sg-0cbad4c86e10beb82",
            "ingress": [
              {
                "cidr_blocks": [
                  "0.0.0.0/0"
                ],
                "description": "HTTP",
                "from_port": 80,
                "ipv6_cidr_blocks": [
                  "::/0"
                ],
                "prefix_list_ids": [],
                "protocol": "tcp",
                "security_groups": [],
                "self": false,
                "to_port": 80
              },
              {
                "cidr_blocks": [
                  "0.0.0.0/0"
                ],
                "description": "HTTPS",
                "from_port": 443,
                "ipv6_cidr_blocks": [
                  "::/0"
                ],
                "prefix_list_ids": [],
                "protocol": "tcp",
                "security_groups": [],
                "self": false,
                "to_port": 443
              },
              {
                "cidr_blocks": [
                  "0.0.0.0/0"
                ],
                "description": "SSH",
                "from_port": 22,
                "ipv6_cidr_blocks": [
                  "::/0"
                ],
                "prefix_list_ids": [],
                "protocol": "tcp",
                "security_groups": [],
                "self": false,
                "to_port": 22
              }
            ],
            "name": "new-security-group-ec2",
            "name_prefix": "",
            "owner_id": "205930649721",
            "revoke_rules_on_delete": false,
            "tags": {
              "Name": "EC2-SG"
            },
            "tags_all": {
              "Name": "EC2-SG"
            },
            "timeouts": null,
            "vpc_id": "vpc-00e44613fd15c9ec2"
          },
          "sensitive_attributes": [],
          "private": "eyJlMmJmYjczMC1lY2FhLTExZTYtOGY4OC0zNDM2M2JjN2M0YzAiOnsiY3JlYXRlIjo2MDAwMDAwMDAwMDAsImRlbGV0ZSI6OTAwMDAwMDAwMDAwfSwic2NoZW1hX3ZlcnNpb24iOiIxIn0="
        }
      ]
    },
    {
      "mode": "managed",
      "type": "cloudflare_record",
      "name": "root_domain",
      "provider": "provider[\"registry.terraform.io/cloudflare/cloudflare\"]",
      "instances": [
        {
          "schema_version": 2,
          "attributes": {
            "allow_overwrite": false,
            "comment": "",
            "created_on": "2025-10-31T04:07:40.280045Z",
            "data": [],
            "hostname": "joshiharshal.cloud",
            "id": "e07cb450ffd5d0bca679d73181fc0398",
            "metadata": {},
            "modified_on": "2025-10-31T04:07:40.280045Z",
            "name": "@",
            "priority": null,
            "proxiable": true,
            "proxied": true,
            "tags": null,
            "timeouts": null,
            "ttl": 1,
            "type": "A",
            "value": "3.6.89.59",
            "zone_id": "07c226af87382c88b15858444ab29bea"
          },
          "sensitive_attributes": [],
          "private": "eyJlMmJmYjczMC1lY2FhLTExZTYtOGY4OC0zNDM2M2JjN2M0YzAiOnsiY3JlYXRlIjozMDAwMDAwMDAwMCwidXBkYXRlIjozMDAwMDAwMDAwMH0sInNjaGVtYV92ZXJzaW9uIjoiMiJ9",
          "dependencies": [
            "aws_instance.app_server",
            "aws_security_group.SG"
          ]
        }
      ]
    },
    {
      "mode": "managed",
      "type": "local_file",
      "name": "inventory",
      "provider": "provider[\"registry.terraform.io/hashicorp/local\"]",
      "instances": [
        {
          "schema_version": 0,
          "attributes": {
            "content": "[server]\n3.6.89.59 ansible_user=ubuntu ansible_ssh_private_key_file=/home/harshal/Tasks/joshiharshal.github.io/harshal-portfolio.pem\n",
            "content_base64": null,
            "content_base64sha256": "+pG7FtItkzFivF67Dda7Ylml1Jw2q6wkZKRATqO/TeA=",
            "content_base64sha512": "67NvSKDoqLLrs0/QUdQNw6u5/SB+JF2iXSPwj9N/A6k256zGNG33nAc8pAkS2rLB7Gjhoo65A6jEdhRxNmQRCg==",
            "content_md5": "b495040386757a5feb9ab5db4f55cab8",
            "content_sha1": "df9754de1e32586dca34cd909b9bc0b18ec718d2",
            "content_sha256": "fa91bb16d22d933162bc5ebb0dd6bb6259a5d49c36abac2464a4404ea3bf4de0",
            "content_sha512": "ebb36f48a0e8a8b2ebb34fd051d40dc3abb9fd207e245da25d23f08fd37f03a936e7acc6346df79c073ca40912dab2c1ec68e1a28eb903a8c47614713664110a",
            "directory_permission": "0777",
            "file_permission": "0777",
            "filename": "/home/harshal/Tasks/joshiharshal.github.io/ansible/inventory.ini",
            "id": "df9754de1e32586dca34cd909b9bc0b18ec718d2",
            "sensitive_content": null,
            "source": null
          },
          "sensitive_attributes": [
            [
              {
                "type": "get_attr",
                "value": "sensitive_content"
              }
            ]
          ],
          "dependencies": [
            "aws_instance.app_server",
            "aws_security_group.SG"
          ]
        }
      ]
    }
  ],
  "check_results": null
}
